
Microsoft Visual Studio Solution File, Format Version 12.00
# Visual Studio Version 17
VisualStudioVersion = 17.13.35931.197 d17.13
MinimumVisualStudioVersion = 10.0.40219.1
Project("{FAE04EC0-301F-11D3-BF4B-00C04F79EFBC}") = "CurrencySequenceHandler", "CurrencySequenceHandler\CurrencySequenceHandler.csproj", "{18E70EF3-296E-43E6-9110-7F05D51901BB}"
EndProject
Global
	GlobalSection(SolutionConfigurationPlatforms) = preSolution
		Debug|Any CPU = Debug|Any CPU
		Release|Any CPU = Release|Any CPU
	EndGlobalSection
	GlobalSection(ProjectConfigurationPlatforms) = postSolution
		{18E70EF3-296E-43E6-9110-7F05D51901BB}.Debug|Any CPU.ActiveCfg = Debug|Any CPU
		{18E70EF3-296E-43E6-9110-7F05D51901BB}.Debug|Any CPU.Build.0 = Debug|Any CPU
		{18E70EF3-296E-43E6-9110-7F05D51901BB}.Release|Any CPU.ActiveCfg = Release|Any CPU
		{18E70EF3-296E-43E6-9110-7F05D51901BB}.Release|Any CPU.Build.0 = Release|Any CPU
	EndGlobalSection
	GlobalSection(SolutionProperties) = preSolution
		HideSolutionNode = FALSE
	EndGlobalSection
	GlobalSection(ExtensibilityGlobals) = postSolution
		SolutionGuid = {BA4CBE44-2903-4C6A-A903-982EE6ADC1CC}
	EndGlobalSection
EndGlobal
