
Microsoft Visual Studio Solution File, Format Version 12.00
# Visual Studio Version 17
VisualStudioVersion = 17.12.35506.116
MinimumVisualStudioVersion = 10.0.40219.1
Project("{FAE04EC0-301F-11D3-BF4B-00C04F79EFBC}") = "CSharpTask1", "CSharpTask1.csproj", "{F59A35B3-512A-4010-90D3-6CB6B09853A9}"
EndProject
Project("{FAE04EC0-301F-11D3-BF4B-00C04F79EFBC}") = "CSharpTask1.2", "..\CSharpTask1.2\CSharpTask1.2.csproj", "{39925B75-650D-40E2-82E7-3DFA4D374B22}"
EndProject
Project("{FAE04EC0-301F-11D3-BF4B-00C04F79EFBC}") = "BankAccountHandler", "..\CSharpTask2\BankAccountHandler.csproj", "{68908E8D-974B-4612-AA02-33A84C572D51}"
EndProject
Project("{FAE04EC0-301F-11D3-BF4B-00C04F79EFBC}") = "StudentHandler", "..\CSharpTask2.1\StudentHandler.csproj", "{1786BF75-9512-4B9E-A8B1-AA04B3BCD7C3}"
EndProject
Project("{2150E333-8FDC-42A3-9474-1A3956D46DE8}") = "Task1", "Task1", "{1C15EF8F-E8CC-4085-9E43-90CE238D38A7}"
EndProject
Project("{2150E333-8FDC-42A3-9474-1A3956D46DE8}") = "Task2", "Task2", "{568EAA5E-7A66-4F3A-B14E-30166C1408C9}"
EndProject
Global
	GlobalSection(SolutionConfigurationPlatforms) = preSolution
		Debug|Any CPU = Debug|Any CPU
		Release|Any CPU = Release|Any CPU
	EndGlobalSection
	GlobalSection(ProjectConfigurationPlatforms) = postSolution
		{F59A35B3-512A-4010-90D3-6CB6B09853A9}.Debug|Any CPU.ActiveCfg = Debug|Any CPU
		{F59A35B3-512A-4010-90D3-6CB6B09853A9}.Debug|Any CPU.Build.0 = Debug|Any CPU
		{F59A35B3-512A-4010-90D3-6CB6B09853A9}.Release|Any CPU.ActiveCfg = Release|Any CPU
		{F59A35B3-512A-4010-90D3-6CB6B09853A9}.Release|Any CPU.Build.0 = Release|Any CPU
		{39925B75-650D-40E2-82E7-3DFA4D374B22}.Debug|Any CPU.ActiveCfg = Debug|Any CPU
		{39925B75-650D-40E2-82E7-3DFA4D374B22}.Debug|Any CPU.Build.0 = Debug|Any CPU
		{39925B75-650D-40E2-82E7-3DFA4D374B22}.Release|Any CPU.ActiveCfg = Release|Any CPU
		{39925B75-650D-40E2-82E7-3DFA4D374B22}.Release|Any CPU.Build.0 = Release|Any CPU
		{68908E8D-974B-4612-AA02-33A84C572D51}.Debug|Any CPU.ActiveCfg = Debug|Any CPU
		{68908E8D-974B-4612-AA02-33A84C572D51}.Debug|Any CPU.Build.0 = Debug|Any CPU
		{68908E8D-974B-4612-AA02-33A84C572D51}.Release|Any CPU.ActiveCfg = Release|Any CPU
		{68908E8D-974B-4612-AA02-33A84C572D51}.Release|Any CPU.Build.0 = Release|Any CPU
		{1786BF75-9512-4B9E-A8B1-AA04B3BCD7C3}.Debug|Any CPU.ActiveCfg = Debug|Any CPU
		{1786BF75-9512-4B9E-A8B1-AA04B3BCD7C3}.Debug|Any CPU.Build.0 = Debug|Any CPU
		{1786BF75-9512-4B9E-A8B1-AA04B3BCD7C3}.Release|Any CPU.ActiveCfg = Release|Any CPU
		{1786BF75-9512-4B9E-A8B1-AA04B3BCD7C3}.Release|Any CPU.Build.0 = Release|Any CPU
	EndGlobalSection
	GlobalSection(SolutionProperties) = preSolution
		HideSolutionNode = FALSE
	EndGlobalSection
	GlobalSection(NestedProjects) = preSolution
		{F59A35B3-512A-4010-90D3-6CB6B09853A9} = {1C15EF8F-E8CC-4085-9E43-90CE238D38A7}
		{39925B75-650D-40E2-82E7-3DFA4D374B22} = {1C15EF8F-E8CC-4085-9E43-90CE238D38A7}
		{68908E8D-974B-4612-AA02-33A84C572D51} = {568EAA5E-7A66-4F3A-B14E-30166C1408C9}
		{1786BF75-9512-4B9E-A8B1-AA04B3BCD7C3} = {568EAA5E-7A66-4F3A-B14E-30166C1408C9}
	EndGlobalSection
EndGlobal
